// !$*UTF8*$!
{
	archiveVersion = 1;
	classes = {
	};
	objectVersion = 77;
	objects = {

/* Begin PBXBuildFile section */
		AC1B224E2D936CF90035F7BC /* WidgetKit.framework in Frameworks */ = {isa = PBXBuildFile; fileRef = 07D52F952D8470A5001CF3FF /* WidgetKit.framework */; };
		AC1B224F2D936CF90035F7BC /* SwiftUI.framework in Frameworks */ = {isa = PBXBuildFile; fileRef = 07D52F972D8470A5001CF3FF /* SwiftUI.framework */; };
		AC1B22602D936CFB0035F7BC /* PlantWidgetExtension.appex in Embed Foundation Extensions */ = {isa = PBXBuildFile; fileRef = AC1B224D2D936CF90035F7BC /* PlantWidgetExtension.appex */; settings = {ATTRIBUTES = (RemoveHeadersOnCopy, ); }; };
/* End PBXBuildFile section */

/* Begin PBXContainerItemProxy section */
		0774374E2D78DDC500D62117 /* PBXContainerItemProxy */ = {
			isa = PBXContainerItemProxy;
			containerPortal = 077437352D78DDC300D62117 /* Project object */;
			proxyType = 1;
			remoteGlobalIDString = 0774373C2D78DDC300D62117;
			remoteInfo = Plant;
		};
		077437582D78DDC600D62117 /* PBXContainerItemProxy */ = {
			isa = PBXContainerItemProxy;
			containerPortal = 077437352D78DDC300D62117 /* Project object */;
			proxyType = 1;
			remoteGlobalIDString = 0774373C2D78DDC300D62117;
			remoteInfo = Plant;
		};
		AC1B225E2D936CFB0035F7BC /* PBXContainerItemProxy */ = {
			isa = PBXContainerItemProxy;
			containerPortal = 077437352D78DDC300D62117 /* Project object */;
			proxyType = 1;
			remoteGlobalIDString = AC1B224C2D936CF90035F7BC;
			remoteInfo = PlantWidgetExtension;
		};
/* End PBXContainerItemProxy section */

/* Begin PBXCopyFilesBuildPhase section */
		07D52FA62D8470A7001CF3FF /* Embed Foundation Extensions */ = {
			isa = PBXCopyFilesBuildPhase;
			buildActionMask = 2147483647;
			dstPath = "";
			dstSubfolderSpec = 13;
			files = (
				AC1B22602D936CFB0035F7BC /* PlantWidgetExtension.appex in Embed Foundation Extensions */,
			);
			name = "Embed Foundation Extensions";
			runOnlyForDeploymentPostprocessing = 0;
		};
/* End PBXCopyFilesBuildPhase section */

/* Begin PBXFileReference section */
		0774373D2D78DDC300D62117 /* Plant.app */ = {isa = PBXFileReference; explicitFileType = wrapper.application; includeInIndex = 0; path = Plant.app; sourceTree = BUILT_PRODUCTS_DIR; };
		0774374D2D78DDC500D62117 /* PlantTests.xctest */ = {isa = PBXFileReference; explicitFileType = wrapper.cfbundle; includeInIndex = 0; path = PlantTests.xctest; sourceTree = BUILT_PRODUCTS_DIR; };
		077437572D78DDC600D62117 /* PlantUITests.xctest */ = {isa = PBXFileReference; explicitFileType = wrapper.cfbundle; includeInIndex = 0; path = PlantUITests.xctest; sourceTree = BUILT_PRODUCTS_DIR; };
		07D52F952D8470A5001CF3FF /* WidgetKit.framework */ = {isa = PBXFileReference; lastKnownFileType = wrapper.framework; name = WidgetKit.framework; path = System/Library/Frameworks/WidgetKit.framework; sourceTree = SDKROOT; };
		07D52F972D8470A5001CF3FF /* SwiftUI.framework */ = {isa = PBXFileReference; lastKnownFileType = wrapper.framework; name = SwiftUI.framework; path = System/Library/Frameworks/SwiftUI.framework; sourceTree = SDKROOT; };
		AC1B224D2D936CF90035F7BC /* PlantWidgetExtension.appex */ = {isa = PBXFileReference; explicitFileType = "wrapper.app-extension"; includeInIndex = 0; path = PlantWidgetExtension.appex; sourceTree = BUILT_PRODUCTS_DIR; };
		AC79A7722D9A37D600F5C91F /* PlantWidgetExtension.entitlements */ = {isa = PBXFileReference; lastKnownFileType = text.plist.entitlements; path = PlantWidgetExtension.entitlements; sourceTree = "<group>"; };
/* End PBXFileReference section */

/* Begin PBXFileSystemSynchronizedBuildFileExceptionSet section */
		AC1B22632D936CFB0035F7BC /* Exceptions for "PlantWidget" folder in "PlantWidgetExtension" target */ = {
			isa = PBXFileSystemSynchronizedBuildFileExceptionSet;
			membershipExceptions = (
				Info.plist,
			);
			target = AC1B224C2D936CF90035F7BC /* PlantWidgetExtension */;
		};
/* End PBXFileSystemSynchronizedBuildFileExceptionSet section */

/* Begin PBXFileSystemSynchronizedRootGroup section */
		0774373F2D78DDC300D62117 /* Plant */ = {
			isa = PBXFileSystemSynchronizedRootGroup;
			path = Plant;
			sourceTree = "<group>";
		};
		077437502D78DDC500D62117 /* PlantTests */ = {
			isa = PBXFileSystemSynchronizedRootGroup;
			path = PlantTests;
			sourceTree = "<group>";
		};
		0774375A2D78DDC600D62117 /* PlantUITests */ = {
			isa = PBXFileSystemSynchronizedRootGroup;
			path = PlantUITests;
			sourceTree = "<group>";
		};
		AC1B22502D936CF90035F7BC /* PlantWidget */ = {
			isa = PBXFileSystemSynchronizedRootGroup;
			exceptions = (
				AC1B22632D936CFB0035F7BC /* Exceptions for "PlantWidget" folder in "PlantWidgetExtension" target */,
			);
			path = PlantWidget;
			sourceTree = "<group>";
		};
/* End PBXFileSystemSynchronizedRootGroup section */

/* Begin PBXFrameworksBuildPhase section */
		0774373A2D78DDC300D62117 /* Frameworks */ = {
			isa = PBXFrameworksBuildPhase;
			buildActionMask = 2147483647;
			files = (
			);
			runOnlyForDeploymentPostprocessing = 0;
		};
		0774374A2D78DDC500D62117 /* Frameworks */ = {
			isa = PBXFrameworksBuildPhase;
			buildActionMask = 2147483647;
			files = (
			);
			runOnlyForDeploymentPostprocessing = 0;
		};
		077437542D78DDC600D62117 /* Frameworks */ = {
			isa = PBXFrameworksBuildPhase;
			buildActionMask = 2147483647;
			files = (
			);
			runOnlyForDeploymentPostprocessing = 0;
		};
		AC1B224A2D936CF90035F7BC /* Frameworks */ = {
			isa = PBXFrameworksBuildPhase;
			buildActionMask = 2147483647;
			files = (
				AC1B224F2D936CF90035F7BC /* SwiftUI.framework in Frameworks */,
				AC1B224E2D936CF90035F7BC /* WidgetKit.framework in Frameworks */,
			);
			runOnlyForDeploymentPostprocessing = 0;
		};
/* End PBXFrameworksBuildPhase section */

/* Begin PBXGroup section */
		077437342D78DDC300D62117 = {
			isa = PBXGroup;
			children = (
				AC79A7722D9A37D600F5C91F /* PlantWidgetExtension.entitlements */,
				0774373F2D78DDC300D62117 /* Plant */,
				077437502D78DDC500D62117 /* PlantTests */,
				0774375A2D78DDC600D62117 /* PlantUITests */,
				AC1B22502D936CF90035F7BC /* PlantWidget */,
				07D52F942D8470A5001CF3FF /* Frameworks */,
				0774373E2D78DDC300D62117 /* Products */,
			);
			sourceTree = "<group>";
		};
		0774373E2D78DDC300D62117 /* Products */ = {
			isa = PBXGroup;
			children = (
				0774373D2D78DDC300D62117 /* Plant.app */,
				0774374D2D78DDC500D62117 /* PlantTests.xctest */,
				077437572D78DDC600D62117 /* PlantUITests.xctest */,
				AC1B224D2D936CF90035F7BC /* PlantWidgetExtension.appex */,
			);
			name = Products;
			sourceTree = "<group>";
		};
		07D52F942D8470A5001CF3FF /* Frameworks */ = {
			isa = PBXGroup;
			children = (
				07D52F952D8470A5001CF3FF /* WidgetKit.framework */,
				07D52F972D8470A5001CF3FF /* SwiftUI.framework */,
			);
			name = Frameworks;
			sourceTree = "<group>";
		};
/* End PBXGroup section */

/* Begin PBXNativeTarget section */
		0774373C2D78DDC300D62117 /* Plant */ = {
			isa = PBXNativeTarget;
			buildConfigurationList = 077437612D78DDC600D62117 /* Build configuration list for PBXNativeTarget "Plant" */;
			buildPhases = (
				077437392D78DDC300D62117 /* Sources */,
				0774373A2D78DDC300D62117 /* Frameworks */,
				0774373B2D78DDC300D62117 /* Resources */,
				07D52FA62D8470A7001CF3FF /* Embed Foundation Extensions */,
			);
			buildRules = (
			);
			dependencies = (
				AC1B225F2D936CFB0035F7BC /* PBXTargetDependency */,
			);
			fileSystemSynchronizedGroups = (
				0774373F2D78DDC300D62117 /* Plant */,
			);
			name = Plant;
			packageProductDependencies = (
			);
			productName = Plant;
			productReference = 0774373D2D78DDC300D62117 /* Plant.app */;
			productType = "com.apple.product-type.application";
		};
		0774374C2D78DDC500D62117 /* PlantTests */ = {
			isa = PBXNativeTarget;
			buildConfigurationList = 077437642D78DDC600D62117 /* Build configuration list for PBXNativeTarget "PlantTests" */;
			buildPhases = (
				077437492D78DDC500D62117 /* Sources */,
				0774374A2D78DDC500D62117 /* Frameworks */,
				0774374B2D78DDC500D62117 /* Resources */,
			);
			buildRules = (
			);
			dependencies = (
				0774374F2D78DDC500D62117 /* PBXTargetDependency */,
			);
			fileSystemSynchronizedGroups = (
				077437502D78DDC500D62117 /* PlantTests */,
			);
			name = PlantTests;
			packageProductDependencies = (
			);
			productName = PlantTests;
			productReference = 0774374D2D78DDC500D62117 /* PlantTests.xctest */;
			productType = "com.apple.product-type.bundle.unit-test";
		};
		077437562D78DDC600D62117 /* PlantUITests */ = {
			isa = PBXNativeTarget;
			buildConfigurationList = 077437672D78DDC600D62117 /* Build configuration list for PBXNativeTarget "PlantUITests" */;
			buildPhases = (
				077437532D78DDC600D62117 /* Sources */,
				077437542D78DDC600D62117 /* Frameworks */,
				077437552D78DDC600D62117 /* Resources */,
			);
			buildRules = (
			);
			dependencies = (
				077437592D78DDC600D62117 /* PBXTargetDependency */,
			);
			fileSystemSynchronizedGroups = (
				0774375A2D78DDC600D62117 /* PlantUITests */,
			);
			name = PlantUITests;
			packageProductDependencies = (
			);
			productName = PlantUITests;
			productReference = 077437572D78DDC600D62117 /* PlantUITests.xctest */;
			productType = "com.apple.product-type.bundle.ui-testing";
		};
		AC1B224C2D936CF90035F7BC /* PlantWidgetExtension */ = {
			isa = PBXNativeTarget;
			buildConfigurationList = AC1B22642D936CFB0035F7BC /* Build configuration list for PBXNativeTarget "PlantWidgetExtension" */;
			buildPhases = (
				AC1B22492D936CF90035F7BC /* Sources */,
				AC1B224A2D936CF90035F7BC /* Frameworks */,
				AC1B224B2D936CF90035F7BC /* Resources */,
			);
			buildRules = (
			);
			dependencies = (
			);
			fileSystemSynchronizedGroups = (
				AC1B22502D936CF90035F7BC /* PlantWidget */,
			);
			name = PlantWidgetExtension;
			packageProductDependencies = (
			);
			productName = PlantWidgetExtension;
			productReference = AC1B224D2D936CF90035F7BC /* PlantWidgetExtension.appex */;
			productType = "com.apple.product-type.app-extension";
		};
/* End PBXNativeTarget section */

/* Begin PBXProject section */
		077437352D78DDC300D62117 /* Project object */ = {
			isa = PBXProject;
			attributes = {
				BuildIndependentTargetsInParallel = 1;
				LastSwiftUpdateCheck = 1620;
				LastUpgradeCheck = 1620;
				TargetAttributes = {
					0774373C2D78DDC300D62117 = {
						CreatedOnToolsVersion = 16.2;
					};
					0774374C2D78DDC500D62117 = {
						CreatedOnToolsVersion = 16.2;
						TestTargetID = 0774373C2D78DDC300D62117;
					};
					077437562D78DDC600D62117 = {
						CreatedOnToolsVersion = 16.2;
						TestTargetID = 0774373C2D78DDC300D62117;
					};
					AC1B224C2D936CF90035F7BC = {
						CreatedOnToolsVersion = 16.2;
					};
				};
			};
			buildConfigurationList = 077437382D78DDC300D62117 /* Build configuration list for PBXProject "Plant" */;
			developmentRegion = en;
			hasScannedForEncodings = 0;
			knownRegions = (
				en,
				Base,
			);
			mainGroup = 077437342D78DDC300D62117;
			minimizedProjectReferenceProxies = 1;
			preferredProjectObjectVersion = 77;
			productRefGroup = 0774373E2D78DDC300D62117 /* Products */;
			projectDirPath = "";
			projectRoot = "";
			targets = (
				0774373C2D78DDC300D62117 /* Plant */,
				0774374C2D78DDC500D62117 /* PlantTests */,
				077437562D78DDC600D62117 /* PlantUITests */,
				AC1B224C2D936CF90035F7BC /* PlantWidgetExtension */,
			);
		};
/* End PBXProject section */

/* Begin PBXResourcesBuildPhase section */
		0774373B2D78DDC300D62117 /* Resources */ = {
			isa = PBXResourcesBuildPhase;
			buildActionMask = 2147483647;
			files = (
			);
			runOnlyForDeploymentPostprocessing = 0;
		};
		0774374B2D78DDC500D62117 /* Resources */ = {
			isa = PBXResourcesBuildPhase;
			buildActionMask = 2147483647;
			files = (
			);
			runOnlyForDeploymentPostprocessing = 0;
		};
		077437552D78DDC600D62117 /* Resources */ = {
			isa = PBXResourcesBuildPhase;
			buildActionMask = 2147483647;
			files = (
			);
			runOnlyForDeploymentPostprocessing = 0;
		};
		AC1B224B2D936CF90035F7BC /* Resources */ = {
			isa = PBXResourcesBuildPhase;
			buildActionMask = 2147483647;
			files = (
			);
			runOnlyForDeploymentPostprocessing = 0;
		};
/* End PBXResourcesBuildPhase section */

/* Begin PBXSourcesBuildPhase section */
		077437392D78DDC300D62117 /* Sources */ = {
			isa = PBXSourcesBuildPhase;
			buildActionMask = 2147483647;
			files = (
			);
			runOnlyForDeploymentPostprocessing = 0;
		};
		077437492D78DDC500D62117 /* Sources */ = {
			isa = PBXSourcesBuildPhase;
			buildActionMask = 2147483647;
			files = (
			);
			runOnlyForDeploymentPostprocessing = 0;
		};
		077437532D78DDC600D62117 /* Sources */ = {
			isa = PBXSourcesBuildPhase;
			buildActionMask = 2147483647;
			files = (
			);
			runOnlyForDeploymentPostprocessing = 0;
		};
		AC1B22492D936CF90035F7BC /* Sources */ = {
			isa = PBXSourcesBuildPhase;
			buildActionMask = 2147483647;
			files = (
			);
			runOnlyForDeploymentPostprocessing = 0;
		};
/* End PBXSourcesBuildPhase section */

/* Begin PBXTargetDependency section */
		0774374F2D78DDC500D62117 /* PBXTargetDependency */ = {
			isa = PBXTargetDependency;
			target = 0774373C2D78DDC300D62117 /* Plant */;
			targetProxy = 0774374E2D78DDC500D62117 /* PBXContainerItemProxy */;
		};
		077437592D78DDC600D62117 /* PBXTargetDependency */ = {
			isa = PBXTargetDependency;
			target = 0774373C2D78DDC300D62117 /* Plant */;
			targetProxy = 077437582D78DDC600D62117 /* PBXContainerItemProxy */;
		};
		AC1B225F2D936CFB0035F7BC /* PBXTargetDependency */ = {
			isa = PBXTargetDependency;
			target = AC1B224C2D936CF90035F7BC /* PlantWidgetExtension */;
			targetProxy = AC1B225E2D936CFB0035F7BC /* PBXContainerItemProxy */;
		};
/* End PBXTargetDependency section */

/* Begin XCBuildConfiguration section */
		0774375F2D78DDC600D62117 /* Debug */ = {
			isa = XCBuildConfiguration;
			buildSettings = {
				ALWAYS_SEARCH_USER_PATHS = NO;
				ASSETCATALOG_COMPILER_GENERATE_SWIFT_ASSET_SYMBOL_EXTENSIONS = YES;
				CLANG_ANALYZER_NONNULL = YES;
				CLANG_ANALYZER_NUMBER_OBJECT_CONVERSION = YES_AGGRESSIVE;
				CLANG_CXX_LANGUAGE_STANDARD = "gnu++20";
				CLANG_ENABLE_MODULES = YES;
				CLANG_ENABLE_OBJC_ARC = YES;
				CLANG_ENABLE_OBJC_WEAK = YES;
				CLANG_WARN_BLOCK_CAPTURE_AUTORELEASING = YES;
				CLANG_WARN_BOOL_CONVERSION = YES;
				CLANG_WARN_COMMA = YES;
				CLANG_WARN_CONSTANT_CONVERSION = YES;
				CLANG_WARN_DEPRECATED_OBJC_IMPLEMENTATIONS = YES;
				CLANG_WARN_DIRECT_OBJC_ISA_USAGE = YES_ERROR;
				CLANG_WARN_DOCUMENTATION_COMMENTS = YES;
				CLANG_WARN_EMPTY_BODY = YES;
				CLANG_WARN_ENUM_CONVERSION = YES;
				CLANG_WARN_INFINITE_RECURSION = YES;
				CLANG_WARN_INT_CONVERSION = YES;
				CLANG_WARN_NON_LITERAL_NULL_CONVERSION = YES;
				CLANG_WARN_OBJC_IMPLICIT_RETAIN_SELF = YES;
				CLANG_WARN_OBJC_LITERAL_CONVERSION = YES;
				CLANG_WARN_OBJC_ROOT_CLASS = YES_ERROR;
				CLANG_WARN_QUOTED_INCLUDE_IN_FRAMEWORK_HEADER = YES;
				CLANG_WARN_RANGE_LOOP_ANALYSIS = YES;
				CLANG_WARN_STRICT_PROTOTYPES = YES;
				CLANG_WARN_SUSPICIOUS_MOVE = YES;
				CLANG_WARN_UNGUARDED_AVAILABILITY = YES_AGGRESSIVE;
				CLANG_WARN_UNREACHABLE_CODE = YES;
				CLANG_WARN__DUPLICATE_METHOD_MATCH = YES;
				COPY_PHASE_STRIP = NO;
				DEBUG_INFORMATION_FORMAT = dwarf;
				ENABLE_STRICT_OBJC_MSGSEND = YES;
				ENABLE_TESTABILITY = YES;
				ENABLE_USER_SCRIPT_SANDBOXING = YES;
				GCC_C_LANGUAGE_STANDARD = gnu17;
				GCC_DYNAMIC_NO_PIC = NO;
				GCC_NO_COMMON_BLOCKS = YES;
				GCC_OPTIMIZATION_LEVEL = 0;
				GCC_PREPROCESSOR_DEFINITIONS = (
					"DEBUG=1",
					"$(inherited)",
				);
				GCC_WARN_64_TO_32_BIT_CONVERSION = YES;
				GCC_WARN_ABOUT_RETURN_TYPE = YES_ERROR;
				GCC_WARN_UNDECLARED_SELECTOR = YES;
				GCC_WARN_UNINITIALIZED_AUTOS = YES_AGGRESSIVE;
				GCC_WARN_UNUSED_FUNCTION = YES;
				GCC_WARN_UNUSED_VARIABLE = YES;
				IPHONEOS_DEPLOYMENT_TARGET = 18.2;
				LOCALIZATION_PREFERS_STRING_CATALOGS = YES;
				MTL_ENABLE_DEBUG_INFO = INCLUDE_SOURCE;
				MTL_FAST_MATH = YES;
				ONLY_ACTIVE_ARCH = YES;
				SDKROOT = iphoneos;
				SWIFT_ACTIVE_COMPILATION_CONDITIONS = "DEBUG $(inherited)";
				SWIFT_OPTIMIZATION_LEVEL = "-Onone";
			};
			name = Debug;
		};
		077437602D78DDC600D62117 /* Release */ = {
			isa = XCBuildConfiguration;
			buildSettings = {
				ALWAYS_SEARCH_USER_PATHS = NO;
				ASSETCATALOG_COMPILER_GENERATE_SWIFT_ASSET_SYMBOL_EXTENSIONS = YES;
				CLANG_ANALYZER_NONNULL = YES;
				CLANG_ANALYZER_NUMBER_OBJECT_CONVERSION = YES_AGGRESSIVE;
				CLANG_CXX_LANGUAGE_STANDARD = "gnu++20";
				CLANG_ENABLE_MODULES = YES;
				CLANG_ENABLE_OBJC_ARC = YES;
				CLANG_ENABLE_OBJC_WEAK = YES;
				CLANG_WARN_BLOCK_CAPTURE_AUTORELEASING = YES;
				CLANG_WARN_BOOL_CONVERSION = YES;
				CLANG_WARN_COMMA = YES;
				CLANG_WARN_CONSTANT_CONVERSION = YES;
				CLANG_WARN_DEPRECATED_OBJC_IMPLEMENTATIONS = YES;
				CLANG_WARN_DIRECT_OBJC_ISA_USAGE = YES_ERROR;
				CLANG_WARN_DOCUMENTATION_COMMENTS = YES;
				CLANG_WARN_EMPTY_BODY = YES;
				CLANG_WARN_ENUM_CONVERSION = YES;
				CLANG_WARN_INFINITE_RECURSION = YES;
				CLANG_WARN_INT_CONVERSION = YES;
				CLANG_WARN_NON_LITERAL_NULL_CONVERSION = YES;
				CLANG_WARN_OBJC_IMPLICIT_RETAIN_SELF = YES;
				CLANG_WARN_OBJC_LITERAL_CONVERSION = YES;
				CLANG_WARN_OBJC_ROOT_CLASS = YES_ERROR;
				CLANG_WARN_QUOTED_INCLUDE_IN_FRAMEWORK_HEADER = YES;
				CLANG_WARN_RANGE_LOOP_ANALYSIS = YES;
				CLANG_WARN_STRICT_PROTOTYPES = YES;
				CLANG_WARN_SUSPICIOUS_MOVE = YES;
				CLANG_WARN_UNGUARDED_AVAILABILITY = YES_AGGRESSIVE;
				CLANG_WARN_UNREACHABLE_CODE = YES;
				CLANG_WARN__DUPLICATE_METHOD_MATCH = YES;
				COPY_PHASE_STRIP = NO;
				DEBUG_INFORMATION_FORMAT = "dwarf-with-dsym";
				ENABLE_NS_ASSERTIONS = NO;
				ENABLE_STRICT_OBJC_MSGSEND = YES;
				ENABLE_USER_SCRIPT_SANDBOXING = YES;
				GCC_C_LANGUAGE_STANDARD = gnu17;
				GCC_NO_COMMON_BLOCKS = YES;
				GCC_WARN_64_TO_32_BIT_CONVERSION = YES;
				GCC_WARN_ABOUT_RETURN_TYPE = YES_ERROR;
				GCC_WARN_UNDECLARED_SELECTOR = YES;
				GCC_WARN_UNINITIALIZED_AUTOS = YES_AGGRESSIVE;
				GCC_WARN_UNUSED_FUNCTION = YES;
				GCC_WARN_UNUSED_VARIABLE = YES;
				IPHONEOS_DEPLOYMENT_TARGET = 18.2;
				LOCALIZATION_PREFERS_STRING_CATALOGS = YES;
				MTL_ENABLE_DEBUG_INFO = NO;
				MTL_FAST_MATH = YES;
				SDKROOT = iphoneos;
				SWIFT_COMPILATION_MODE = wholemodule;
				VALIDATE_PRODUCT = YES;
			};
			name = Release;
		};
		077437622D78DDC600D62117 /* Debug */ = {
			isa = XCBuildConfiguration;
			buildSettings = {
				ASSETCATALOG_COMPILER_APPICON_NAME = AppIcon;
				ASSETCATALOG_COMPILER_GLOBAL_ACCENT_COLOR_NAME = AccentColor;
				CODE_SIGN_ENTITLEMENTS = Plant/Plant.entitlements;
				CODE_SIGN_STYLE = Automatic;
				CURRENT_PROJECT_VERSION = 1;
				DEVELOPMENT_ASSET_PATHS = "\"Plant/Preview Content\"";
				DEVELOPMENT_TEAM = L39FZ6HKS2;
				ENABLE_PREVIEWS = YES;
				GENERATE_INFOPLIST_FILE = YES;
				INFOPLIST_KEY_UIApplicationSceneManifest_Generation = YES;
				INFOPLIST_KEY_UIApplicationSupportsIndirectInputEvents = YES;
				INFOPLIST_KEY_UILaunchScreen_Generation = YES;
				INFOPLIST_KEY_UISupportedInterfaceOrientations_iPad = "UIInterfaceOrientationPortrait UIInterfaceOrientationPortraitUpsideDown UIInterfaceOrientationLandscapeLeft UIInterfaceOrientationLandscapeRight";
				INFOPLIST_KEY_UISupportedInterfaceOrientations_iPhone = "UIInterfaceOrientationPortrait UIInterfaceOrientationLandscapeLeft UIInterfaceOrientationLandscapeRight";
				LD_RUNPATH_SEARCH_PATHS = (
					"$(inherited)",
					"@executable_path/Frameworks",
				);
				MARKETING_VERSION = 1.0;
				PRODUCT_BUNDLE_IDENTIFIER = reddingsauter.Plant;
				PRODUCT_NAME = "$(TARGET_NAME)";
				SWIFT_EMIT_LOC_STRINGS = YES;
				SWIFT_VERSION = 5.0;
				TARGETED_DEVICE_FAMILY = "1,2";
			};
			name = Debug;
		};
		077437632D78DDC600D62117 /* Release */ = {
			isa = XCBuildConfiguration;
			buildSettings = {
				ASSETCATALOG_COMPILER_APPICON_NAME = AppIcon;
				ASSETCATALOG_COMPILER_GLOBAL_ACCENT_COLOR_NAME = AccentColor;
				CODE_SIGN_ENTITLEMENTS = Plant/Plant.entitlements;
				CODE_SIGN_STYLE = Automatic;
				CURRENT_PROJECT_VERSION = 1;
				DEVELOPMENT_ASSET_PATHS = "\"Plant/Preview Content\"";
				DEVELOPMENT_TEAM = L39FZ6HKS2;
				ENABLE_PREVIEWS = YES;
				GENERATE_INFOPLIST_FILE = YES;
				INFOPLIST_KEY_UIApplicationSceneManifest_Generation = YES;
				INFOPLIST_KEY_UIApplicationSupportsIndirectInputEvents = YES;
				INFOPLIST_KEY_UILaunchScreen_Generation = YES;
				INFOPLIST_KEY_UISupportedInterfaceOrientations_iPad = "UIInterfaceOrientationPortrait UIInterfaceOrientationPortraitUpsideDown UIInterfaceOrientationLandscapeLeft UIInterfaceOrientationLandscapeRight";
				INFOPLIST_KEY_UISupportedInterfaceOrientations_iPhone = "UIInterfaceOrientationPortrait UIInterfaceOrientationLandscapeLeft UIInterfaceOrientationLandscapeRight";
				LD_RUNPATH_SEARCH_PATHS = (
					"$(inherited)",
					"@executable_path/Frameworks",
				);
				MARKETING_VERSION = 1.0;
				PRODUCT_BUNDLE_IDENTIFIER = reddingsauter.Plant;
				PRODUCT_NAME = "$(TARGET_NAME)";
				SWIFT_EMIT_LOC_STRINGS = YES;
				SWIFT_VERSION = 5.0;
				TARGETED_DEVICE_FAMILY = "1,2";
			};
			name = Release;
		};
		077437652D78DDC600D62117 /* Debug */ = {
			isa = XCBuildConfiguration;
			buildSettings = {
				BUNDLE_LOADER = "$(TEST_HOST)";
				CODE_SIGN_STYLE = Automatic;
				CURRENT_PROJECT_VERSION = 1;
				GENERATE_INFOPLIST_FILE = YES;
				IPHONEOS_DEPLOYMENT_TARGET = 18.2;
				MARKETING_VERSION = 1.0;
				PRODUCT_BUNDLE_IDENTIFIER = reddingsauter.PlantTests;
				PRODUCT_NAME = "$(TARGET_NAME)";
				SWIFT_EMIT_LOC_STRINGS = NO;
				SWIFT_VERSION = 5.0;
				TARGETED_DEVICE_FAMILY = "1,2";
				TEST_HOST = "$(BUILT_PRODUCTS_DIR)/Plant.app/$(BUNDLE_EXECUTABLE_FOLDER_PATH)/Plant";
			};
			name = Debug;
		};
		077437662D78DDC600D62117 /* Release */ = {
			isa = XCBuildConfiguration;
			buildSettings = {
				BUNDLE_LOADER = "$(TEST_HOST)";
				CODE_SIGN_STYLE = Automatic;
				CURRENT_PROJECT_VERSION = 1;
				GENERATE_INFOPLIST_FILE = YES;
				IPHONEOS_DEPLOYMENT_TARGET = 18.2;
				MARKETING_VERSION = 1.0;
				PRODUCT_BUNDLE_IDENTIFIER = reddingsauter.PlantTests;
				PRODUCT_NAME = "$(TARGET_NAME)";
				SWIFT_EMIT_LOC_STRINGS = NO;
				SWIFT_VERSION = 5.0;
				TARGETED_DEVICE_FAMILY = "1,2";
				TEST_HOST = "$(BUILT_PRODUCTS_DIR)/Plant.app/$(BUNDLE_EXECUTABLE_FOLDER_PATH)/Plant";
			};
			name = Release;
		};
		077437682D78DDC600D62117 /* Debug */ = {
			isa = XCBuildConfiguration;
			buildSettings = {
				CODE_SIGN_STYLE = Automatic;
				CURRENT_PROJECT_VERSION = 1;
				GENERATE_INFOPLIST_FILE = YES;
				MARKETING_VERSION = 1.0;
				PRODUCT_BUNDLE_IDENTIFIER = reddingsauter.PlantUITests;
				PRODUCT_NAME = "$(TARGET_NAME)";
				SWIFT_EMIT_LOC_STRINGS = NO;
				SWIFT_VERSION = 5.0;
				TARGETED_DEVICE_FAMILY = "1,2";
				TEST_TARGET_NAME = Plant;
			};
			name = Debug;
		};
		077437692D78DDC600D62117 /* Release */ = {
			isa = XCBuildConfiguration;
			buildSettings = {
				CODE_SIGN_STYLE = Automatic;
				CURRENT_PROJECT_VERSION = 1;
				GENERATE_INFOPLIST_FILE = YES;
				MARKETING_VERSION = 1.0;
				PRODUCT_BUNDLE_IDENTIFIER = reddingsauter.PlantUITests;
				PRODUCT_NAME = "$(TARGET_NAME)";
				SWIFT_EMIT_LOC_STRINGS = NO;
				SWIFT_VERSION = 5.0;
				TARGETED_DEVICE_FAMILY = "1,2";
				TEST_TARGET_NAME = Plant;
			};
			name = Release;
		};
		AC1B22612D936CFB0035F7BC /* Debug */ = {
			isa = XCBuildConfiguration;
			buildSettings = {
				ASSETCATALOG_COMPILER_GLOBAL_ACCENT_COLOR_NAME = AccentColor;
				ASSETCATALOG_COMPILER_WIDGET_BACKGROUND_COLOR_NAME = WidgetBackground;
				CODE_SIGN_ENTITLEMENTS = PlantWidgetExtension.entitlements;
				CODE_SIGN_STYLE = Automatic;
				CURRENT_PROJECT_VERSION = 1;
				DEVELOPMENT_TEAM = L39FZ6HKS2;
				GENERATE_INFOPLIST_FILE = YES;
				INFOPLIST_FILE = PlantWidget/Info.plist;
				INFOPLIST_KEY_CFBundleDisplayName = PlantWidget;
				INFOPLIST_KEY_NSHumanReadableCopyright = "";
				LD_RUNPATH_SEARCH_PATHS = (
					"$(inherited)",
					"@executable_path/Frameworks",
					"@executable_path/../../Frameworks",
				);
				MARKETING_VERSION = 1.0;
				PRODUCT_BUNDLE_IDENTIFIER = reddingsauter.Plant.PlantWidget;
				PRODUCT_NAME = "$(TARGET_NAME)";
				SKIP_INSTALL = YES;
				SWIFT_EMIT_LOC_STRINGS = YES;
				SWIFT_VERSION = 5.0;
				TARGETED_DEVICE_FAMILY = "1,2";
			};
			name = Debug;
		};
		AC1B22622D936CFB0035F7BC /* Release */ = {
			isa = XCBuildConfiguration;
			buildSettings = {
				ASSETCATALOG_COMPILER_GLOBAL_ACCENT_COLOR_NAME = AccentColor;
				ASSETCATALOG_COMPILER_WIDGET_BACKGROUND_COLOR_NAME = WidgetBackground;
				CODE_SIGN_ENTITLEMENTS = PlantWidgetExtension.entitlements;
				CODE_SIGN_STYLE = Automatic;
				CURRENT_PROJECT_VERSION = 1;
				DEVELOPMENT_TEAM = L39FZ6HKS2;
				GENERATE_INFOPLIST_FILE = YES;
				INFOPLIST_FILE = PlantWidget/Info.plist;
				INFOPLIST_KEY_CFBundleDisplayName = PlantWidget;
				INFOPLIST_KEY_NSHumanReadableCopyright = "";
				LD_RUNPATH_SEARCH_PATHS = (
					"$(inherited)",
					"@executable_path/Frameworks",
					"@executable_path/../../Frameworks",
				);
				MARKETING_VERSION = 1.0;
				PRODUCT_BUNDLE_IDENTIFIER = reddingsauter.Plant.PlantWidget;
				PRODUCT_NAME = "$(TARGET_NAME)";
				SKIP_INSTALL = YES;
				SWIFT_EMIT_LOC_STRINGS = YES;
				SWIFT_VERSION = 5.0;
				TARGETED_DEVICE_FAMILY = "1,2";
			};
			name = Release;
		};
/* End XCBuildConfiguration section */

/* Begin XCConfigurationList section */
		077437382D78DDC300D62117 /* Build configuration list for PBXProject "Plant" */ = {
			isa = XCConfigurationList;
			buildConfigurations = (
				0774375F2D78DDC600D62117 /* Debug */,
				077437602D78DDC600D62117 /* Release */,
			);
			defaultConfigurationIsVisible = 0;
			defaultConfigurationName = Release;
		};
		077437612D78DDC600D62117 /* Build configuration list for PBXNativeTarget "Plant" */ = {
			isa = XCConfigurationList;
			buildConfigurations = (
				077437622D78DDC600D62117 /* Debug */,
				077437632D78DDC600D62117 /* Release */,
			);
			defaultConfigurationIsVisible = 0;
			defaultConfigurationName = Release;
		};
		077437642D78DDC600D62117 /* Build configuration list for PBXNativeTarget "PlantTests" */ = {
			isa = XCConfigurationList;
			buildConfigurations = (
				077437652D78DDC600D62117 /* Debug */,
				077437662D78DDC600D62117 /* Release */,
			);
			defaultConfigurationIsVisible = 0;
			defaultConfigurationName = Release;
		};
		077437672D78DDC600D62117 /* Build configuration list for PBXNativeTarget "PlantUITests" */ = {
			isa = XCConfigurationList;
			buildConfigurations = (
				077437682D78DDC600D62117 /* Debug */,
				077437692D78DDC600D62117 /* Release */,
			);
			defaultConfigurationIsVisible = 0;
			defaultConfigurationName = Release;
		};
		AC1B22642D936CFB0035F7BC /* Build configuration list for PBXNativeTarget "PlantWidgetExtension" */ = {
			isa = XCConfigurationList;
			buildConfigurations = (
				AC1B22612D936CFB0035F7BC /* Debug */,
				AC1B22622D936CFB0035F7BC /* Release */,
			);
			defaultConfigurationIsVisible = 0;
			defaultConfigurationName = Release;
		};
/* End XCConfigurationList section */
	};
	rootObject = 077437352D78DDC300D62117 /* Project object */;
}
